
Microsoft Visual Studio Solution File, Format Version 12.00
# Visual Studio Version 16
VisualStudioVersion = 16.0.30621.155
MinimumVisualStudioVersion = 10.0.40219.1
Project("{9A19103F-16F7-4668-BE54-9A1E7A4F7556}") = "ShippingAPI", "ShippingAPI\ShippingAPI.csproj", "{0E3053A9-6D52-4138-94AE-58CD7F97491D}"
EndProject
Project("{9A19103F-16F7-4668-BE54-9A1E7A4F7556}") = "TestesUnitarios", "TestesUnitarios\TestesUnitarios.csproj", "{6F0AE7D3-5F66-4A7B-9FB2-B90921CAC287}"
EndProject
Project("{2150E333-8FDC-42A3-9474-1A3956D46DE8}") = "Solution Items", "Solution Items", "{F8EFE064-88F3-4EF5-A906-22B4CE09B7CE}"
	ProjectSection(SolutionItems) = preProject
		.editorconfig = .editorconfig
	EndProjectSection
EndProject
Global
	GlobalSection(SolutionConfigurationPlatforms) = preSolution
		Debug|Any CPU = Debug|Any CPU
		Release|Any CPU = Release|Any CPU
	EndGlobalSection
	GlobalSection(ProjectConfigurationPlatforms) = postSolution
		{0E3053A9-6D52-4138-94AE-58CD7F97491D}.Debug|Any CPU.ActiveCfg = Debug|Any CPU
		{0E3053A9-6D52-4138-94AE-58CD7F97491D}.Debug|Any CPU.Build.0 = Debug|Any CPU
		{0E3053A9-6D52-4138-94AE-58CD7F97491D}.Release|Any CPU.ActiveCfg = Release|Any CPU
		{0E3053A9-6D52-4138-94AE-58CD7F97491D}.Release|Any CPU.Build.0 = Release|Any CPU
		{6F0AE7D3-5F66-4A7B-9FB2-B90921CAC287}.Debug|Any CPU.ActiveCfg = Debug|Any CPU
		{6F0AE7D3-5F66-4A7B-9FB2-B90921CAC287}.Debug|Any CPU.Build.0 = Debug|Any CPU
		{6F0AE7D3-5F66-4A7B-9FB2-B90921CAC287}.Release|Any CPU.ActiveCfg = Release|Any CPU
		{6F0AE7D3-5F66-4A7B-9FB2-B90921CAC287}.Release|Any CPU.Build.0 = Release|Any CPU
	EndGlobalSection
	GlobalSection(SolutionProperties) = preSolution
		HideSolutionNode = FALSE
	EndGlobalSection
	GlobalSection(ExtensibilityGlobals) = postSolution
		SolutionGuid = {7CACFD15-0999-48FA-865D-2EAA86B83754}
	EndGlobalSection
EndGlobal
